{
  "name": "firelite",
  "version": "0.0.5",
  "lockfileVersion": 3,
  "requires": true,
  "packages": {
    "": {
      "name": "firelite",
      "version": "0.0.5",
      "license": "MIT",
      "dependencies": {
        "nanoid": "^5.0.6",
        "web-auth-library": "^1.0.3"
      }
    },
    "node_modules/jose": {
      "version": "4.15.4",
      "resolved": "https://registry.npmjs.org/jose/-/jose-4.15.4.tgz",
      "integrity": "sha512-W+oqK4H+r5sITxfxpSU+MMdr/YSWGvgZMQDIsNoBDGGy4i7GBPTtvFKibQzW06n3U3TqHjhvBJsirShsEJ6eeQ==",
      "funding": {
        "url": "https://github.com/sponsors/panva"
      }
    },
    "node_modules/nanoid": {
      "version": "5.0.6",
      "resolved": "https://registry.npmjs.org/nanoid/-/nanoid-5.0.6.tgz",
      "integrity": "sha512-rRq0eMHoGZxlvaFOUdK1Ev83Bd1IgzzR+WJ3IbDJ7QOSdAxYjlurSPqFs9s4lJg29RT6nPwizFtJhQS6V5xgiA==",
      "funding": [
        {
          "type": "github",
          "url": "https://github.com/sponsors/ai"
        }
      ],
      "bin": {
        "nanoid": "bin/nanoid.js"
      },
      "engines": {
        "node": "^18 || >=20"
      }
    },
    "node_modules/rfc4648": {
      "version": "1.5.3",
      "resolved": "https://registry.npmjs.org/rfc4648/-/rfc4648-1.5.3.tgz",
      "integrity": "sha512-MjOWxM065+WswwnmNONOT+bD1nXzY9Km6u3kzvnx8F8/HXGZdz3T6e6vZJ8Q/RIMUSp/nxqjH3GwvJDy8ijeQQ=="
    },
    "node_modules/web-auth-library": {
      "version": "1.0.3",
      "resolved": "https://registry.npmjs.org/web-auth-library/-/web-auth-library-1.0.3.tgz",
      "integrity": "sha512-fBmEjJSrbmbD9EREwVlewyfSVkb3IzgTXEF0fzXo3miDywsxES1vwG4aJGNpuSSUorZAGBJNyyz5VFq2VFgudw==",
      "funding": [
        {
          "type": "github",
          "url": "https://github.com/sponsors/kriasoft"
        },
        {
          "type": "patreon",
          "url": "https://www.patreon.com/koistya"
        }
      ],
      "dependencies": {
        "jose": ">= 4.12.0 < 5.0.0",
        "rfc4648": "^1.5.2"
      }
    }
  }
}
